<Solution>
  <Folder Name="/Solution Items/">
    <File Path=".editorconfig" />
    <File Path=".gitattributes" />
    <File Path=".gitignore" />
    <File Path="CODE_OF_CONDUCT.md" />
    <File Path="CONTRIBUTING.md" />
    <File Path="LICENSE.txt" />
    <File Path="README.md" />
    <File Path="SECURITY.md" />
    <File Path="build.cmd" />
    <File Path="clean.cmd" />
    <File Path="create-licenses.cmd" />
  </Folder>
  <Folder Name="/Workflows/">
    <File Path=".github/workflows/ci.yml" />
    <File Path=".github/workflows/deploy-release.yml" />
  </Folder>
  <Project Path="src/CleanMyPosts/CleanMyPosts.csproj" />
  <Project Path="src/Tests/Tests.csproj" />
</Solution>
