<Solution>
  <Configurations>
    <Platform Name="Any CPU" />
    <Platform Name="x64" />
    <Platform Name="x86" />
  </Configurations>
  <Folder Name="/Solution Items/">
    <File Path=".editorconfig" />
    <File Path=".gitattributes" />
    <File Path=".gitignore" />
    <File Path="CODE_OF_CONDUCT.md" />
    <File Path="CONTRIBUTING.md" />
    <File Path="LICENSE.txt" />
    <File Path="README.md" />
    <File Path="SECURITY.md" />
    <File Path="create-licenses.cmd" />
  </Folder>
  <Folder Name="/Workflows/">
    <File Path=".github/workflows/ci.yml" />
    <File Path=".github/workflows/deploy-release.yml" />
  </Folder>
  <Project Path="src/CleanMyPosts/CleanMyPosts.csproj">
    <Platform Project="x64" />
  </Project>
  <Project Path="src/Tests/Tests.csproj">
    <Platform Project="x64" />
  </Project>
</Solution>
